
Microsoft Visual Studio Solution File, Format Version 12.00
Project("{FAE04EC0-301F-11D3-BF4B-00C04F79EFBC}") = "CorePackage", "CorePackage\CorePackage.csproj", "{99946ED2-72BE-4949-B549-86D007431006}"
EndProject
Project("{FAE04EC0-301F-11D3-BF4B-00C04F79EFBC}") = "Twixter.Models", "Twixter.Models\Twixter.Models.csproj", "{BF5D94B9-1FA8-43EE-81BB-FA104ADB3FA0}"
EndProject
Project("{FAE04EC0-301F-11D3-BF4B-00C04F79EFBC}") = "Twixter.Repository", "Twixter.Repository\Twixter.Repository.csproj", "{F19EC87B-8D45-4877-9600-F6E7AA4883A3}"
EndProject
Project("{FAE04EC0-301F-11D3-BF4B-00C04F79EFBC}") = "Twixter.Service", "Twixter.Service\Twixter.Service.csproj", "{8F9812D8-5112-40F4-A0F2-88381845EAD8}"
EndProject
Project("{FAE04EC0-301F-11D3-BF4B-00C04F79EFBC}") = "Twixter.WebMvc", "Twixter.WebMvc\Twixter.WebMvc.csproj", "{41BCFF46-1810-495F-BA81-AAB1F09B66D4}"
EndProject
Global
	GlobalSection(SolutionConfigurationPlatforms) = preSolution
		Debug|Any CPU = Debug|Any CPU
		Release|Any CPU = Release|Any CPU
	EndGlobalSection
	GlobalSection(ProjectConfigurationPlatforms) = postSolution
		{99946ED2-72BE-4949-B549-86D007431006}.Debug|Any CPU.ActiveCfg = Debug|Any CPU
		{99946ED2-72BE-4949-B549-86D007431006}.Debug|Any CPU.Build.0 = Debug|Any CPU
		{99946ED2-72BE-4949-B549-86D007431006}.Release|Any CPU.ActiveCfg = Release|Any CPU
		{99946ED2-72BE-4949-B549-86D007431006}.Release|Any CPU.Build.0 = Release|Any CPU
		{BF5D94B9-1FA8-43EE-81BB-FA104ADB3FA0}.Debug|Any CPU.ActiveCfg = Debug|Any CPU
		{BF5D94B9-1FA8-43EE-81BB-FA104ADB3FA0}.Debug|Any CPU.Build.0 = Debug|Any CPU
		{BF5D94B9-1FA8-43EE-81BB-FA104ADB3FA0}.Release|Any CPU.ActiveCfg = Release|Any CPU
		{BF5D94B9-1FA8-43EE-81BB-FA104ADB3FA0}.Release|Any CPU.Build.0 = Release|Any CPU
		{F19EC87B-8D45-4877-9600-F6E7AA4883A3}.Debug|Any CPU.ActiveCfg = Debug|Any CPU
		{F19EC87B-8D45-4877-9600-F6E7AA4883A3}.Debug|Any CPU.Build.0 = Debug|Any CPU
		{F19EC87B-8D45-4877-9600-F6E7AA4883A3}.Release|Any CPU.ActiveCfg = Release|Any CPU
		{F19EC87B-8D45-4877-9600-F6E7AA4883A3}.Release|Any CPU.Build.0 = Release|Any CPU
		{8F9812D8-5112-40F4-A0F2-88381845EAD8}.Debug|Any CPU.ActiveCfg = Debug|Any CPU
		{8F9812D8-5112-40F4-A0F2-88381845EAD8}.Debug|Any CPU.Build.0 = Debug|Any CPU
		{8F9812D8-5112-40F4-A0F2-88381845EAD8}.Release|Any CPU.ActiveCfg = Release|Any CPU
		{8F9812D8-5112-40F4-A0F2-88381845EAD8}.Release|Any CPU.Build.0 = Release|Any CPU
		{41BCFF46-1810-495F-BA81-AAB1F09B66D4}.Debug|Any CPU.ActiveCfg = Debug|Any CPU
		{41BCFF46-1810-495F-BA81-AAB1F09B66D4}.Debug|Any CPU.Build.0 = Debug|Any CPU
		{41BCFF46-1810-495F-BA81-AAB1F09B66D4}.Release|Any CPU.ActiveCfg = Release|Any CPU
		{41BCFF46-1810-495F-BA81-AAB1F09B66D4}.Release|Any CPU.Build.0 = Release|Any CPU
	EndGlobalSection
EndGlobal
